<Solution>
  <Folder Name="/src/">
    <Project Path="src/Triumph.SMS.Remote.App/Triumph.SMS.Remote.App.csproj" Id="a0b77659-4f9e-4597-ad5b-0bca3ffb5d3a">
      <Deploy Solution="Debug|*" />
    </Project>
    <Project Path="src/Triumph.SMS.Remote.Core/Triumph.SMS.Remote.Core.csproj" />
    <Project Path="src\MigrationProject\MigrationProject.csproj" />
    <Project Path="src\Triumph.SMS.Remote.Persistence\Triumph.SMS.Remote.Persistence.csproj" />
  </Folder>
</Solution>